
Microsoft Visual Studio Solution File, Format Version 12.00
# Visual Studio Version 17
VisualStudioVersion = 17.1.32228.430
MinimumVisualStudioVersion = 10.0.40219.1
Project("{2150E333-8FDC-42A3-9474-1A3956D46DE8}") = "Application", "Application", "{50573826-CF52-4481-9159-1734BB35995F}"
EndProject
Project("{2150E333-8FDC-42A3-9474-1A3956D46DE8}") = "Domain", "Domain", "{DF0F320E-2169-4FBD-B7CB-2CEE4369E1BB}"
EndProject
Project("{2150E333-8FDC-42A3-9474-1A3956D46DE8}") = "Infra.Ioc", "Infra.Ioc", "{AE6C3F9F-12EE-4A73-A9F4-CFE33CD53F3F}"
EndProject
Project("{2150E333-8FDC-42A3-9474-1A3956D46DE8}") = "Infra.Data", "Infra.Data", "{F25B6DD8-AFF6-45DE-8689-581E9FF9756D}"
EndProject
Project("{2150E333-8FDC-42A3-9474-1A3956D46DE8}") = "Presentation", "Presentation", "{497F0CF2-BEAA-489C-80B0-7B8178697BF8}"
EndProject
Project("{9A19103F-16F7-4668-BE54-9A1E7A4F7556}") = "CleanArch.Mvc", "CleanArch.Mvc\CleanArch.Mvc.csproj", "{DA3B04CF-DA45-4E28-B985-DC5D369697E6}"
EndProject
Project("{9A19103F-16F7-4668-BE54-9A1E7A4F7556}") = "CleanArch.Domain", "CleanArch.Domain\CleanArch.Domain.csproj", "{2DA66E46-F209-4330-97A8-9245D3D1AA35}"
EndProject
Project("{FAE04EC0-301F-11D3-BF4B-00C04F79EFBC}") = "CleanArch.Infra.Data", "CleanArch.Infra.Data\CleanArch.Infra.Data.csproj", "{46C55DD9-8A1F-42AA-8993-894957794B83}"
EndProject
Global
	GlobalSection(SolutionConfigurationPlatforms) = preSolution
		Debug|Any CPU = Debug|Any CPU
		Release|Any CPU = Release|Any CPU
	EndGlobalSection
	GlobalSection(ProjectConfigurationPlatforms) = postSolution
		{DA3B04CF-DA45-4E28-B985-DC5D369697E6}.Debug|Any CPU.ActiveCfg = Debug|Any CPU
		{DA3B04CF-DA45-4E28-B985-DC5D369697E6}.Debug|Any CPU.Build.0 = Debug|Any CPU
		{DA3B04CF-DA45-4E28-B985-DC5D369697E6}.Release|Any CPU.ActiveCfg = Release|Any CPU
		{DA3B04CF-DA45-4E28-B985-DC5D369697E6}.Release|Any CPU.Build.0 = Release|Any CPU
		{2DA66E46-F209-4330-97A8-9245D3D1AA35}.Debug|Any CPU.ActiveCfg = Debug|Any CPU
		{2DA66E46-F209-4330-97A8-9245D3D1AA35}.Debug|Any CPU.Build.0 = Debug|Any CPU
		{2DA66E46-F209-4330-97A8-9245D3D1AA35}.Release|Any CPU.ActiveCfg = Release|Any CPU
		{2DA66E46-F209-4330-97A8-9245D3D1AA35}.Release|Any CPU.Build.0 = Release|Any CPU
		{46C55DD9-8A1F-42AA-8993-894957794B83}.Debug|Any CPU.ActiveCfg = Debug|Any CPU
		{46C55DD9-8A1F-42AA-8993-894957794B83}.Debug|Any CPU.Build.0 = Debug|Any CPU
		{46C55DD9-8A1F-42AA-8993-894957794B83}.Release|Any CPU.ActiveCfg = Release|Any CPU
		{46C55DD9-8A1F-42AA-8993-894957794B83}.Release|Any CPU.Build.0 = Release|Any CPU
	EndGlobalSection
	GlobalSection(SolutionProperties) = preSolution
		HideSolutionNode = FALSE
	EndGlobalSection
	GlobalSection(NestedProjects) = preSolution
		{DA3B04CF-DA45-4E28-B985-DC5D369697E6} = {497F0CF2-BEAA-489C-80B0-7B8178697BF8}
		{2DA66E46-F209-4330-97A8-9245D3D1AA35} = {DF0F320E-2169-4FBD-B7CB-2CEE4369E1BB}
		{46C55DD9-8A1F-42AA-8993-894957794B83} = {F25B6DD8-AFF6-45DE-8689-581E9FF9756D}
	EndGlobalSection
	GlobalSection(ExtensibilityGlobals) = postSolution
		SolutionGuid = {A106CD43-9CEB-40FC-9238-BAA0FF15AFE7}
	EndGlobalSection
EndGlobal
